
Microsoft Visual Studio Solution File, Format Version 12.00
# Visual Studio 15
VisualStudioVersion = 15.0.26228.10
MinimumVisualStudioVersion = 10.0.40219.1
Project("{FAE04EC0-301F-11D3-BF4B-00C04F79EFBC}") = "RaW5", "RaW5\RaW5.csproj", "{BAFDA591-5B14-4C97-ABE8-7673F8C3B1CA}"
EndProject
Global
	GlobalSection(SolutionConfigurationPlatforms) = preSolution
		Debug|Any CPU = Debug|Any CPU
		Release|Any CPU = Release|Any CPU
	EndGlobalSection
	GlobalSection(ProjectConfigurationPlatforms) = postSolution
		{BAFDA591-5B14-4C97-ABE8-7673F8C3B1CA}.Debug|Any CPU.ActiveCfg = Debug|Any CPU
		{BAFDA591-5B14-4C97-ABE8-7673F8C3B1CA}.Debug|Any CPU.Build.0 = Debug|Any CPU
		{BAFDA591-5B14-4C97-ABE8-7673F8C3B1CA}.Release|Any CPU.ActiveCfg = Release|Any CPU
		{BAFDA591-5B14-4C97-ABE8-7673F8C3B1CA}.Release|Any CPU.Build.0 = Release|Any CPU
	EndGlobalSection
	GlobalSection(SolutionProperties) = preSolution
		HideSolutionNode = FALSE
	EndGlobalSection
EndGlobal
